
Microsoft Visual Studio Solution File, Format Version 12.00
# Visual Studio Version 16
VisualStudioVersion = 16.0.29728.190
MinimumVisualStudioVersion = 10.0.40219.1
Project("{FAE04EC0-301F-11D3-BF4B-00C04F79EFBC}") = "CameraRollSorter", "CameraRollSorter.csproj", "{FB62D625-4599-4DC3-BBC2-F8C89953C67F}"
EndProject
Global
	GlobalSection(SolutionConfigurationPlatforms) = preSolution
		Debug|Any CPU = Debug|Any CPU
		Release|Any CPU = Release|Any CPU
	EndGlobalSection
	GlobalSection(ProjectConfigurationPlatforms) = postSolution
		{FB62D625-4599-4DC3-BBC2-F8C89953C67F}.Debug|Any CPU.ActiveCfg = Debug|Any CPU
		{FB62D625-4599-4DC3-BBC2-F8C89953C67F}.Debug|Any CPU.Build.0 = Debug|Any CPU
		{FB62D625-4599-4DC3-BBC2-F8C89953C67F}.Release|Any CPU.ActiveCfg = Release|Any CPU
		{FB62D625-4599-4DC3-BBC2-F8C89953C67F}.Release|Any CPU.Build.0 = Release|Any CPU
	EndGlobalSection
	GlobalSection(SolutionProperties) = preSolution
		HideSolutionNode = FALSE
	EndGlobalSection
	GlobalSection(ExtensibilityGlobals) = postSolution
		SolutionGuid = {1446DF6D-D170-47BA-BCA7-9E6A05DD90CF}
	EndGlobalSection
EndGlobal
